
Microsoft Visual Studio Solution File, Format Version 12.00
# Visual Studio Version 16
VisualStudioVersion = 16.0.32002.261
MinimumVisualStudioVersion = 10.0.40219.1
Project("{FAE04EC0-301F-11D3-BF4B-00C04F79EFBC}") = "Fiorello", "Fiorello\Fiorello.csproj", "{F2240E15-66B0-4AEB-8495-C84A1E8BF901}"
EndProject
Global
	GlobalSection(SolutionConfigurationPlatforms) = preSolution
		Debug|Any CPU = Debug|Any CPU
		Release|Any CPU = Release|Any CPU
	EndGlobalSection
	GlobalSection(ProjectConfigurationPlatforms) = postSolution
		{F2240E15-66B0-4AEB-8495-C84A1E8BF901}.Debug|Any CPU.ActiveCfg = Debug|Any CPU
		{F2240E15-66B0-4AEB-8495-C84A1E8BF901}.Debug|Any CPU.Build.0 = Debug|Any CPU
		{F2240E15-66B0-4AEB-8495-C84A1E8BF901}.Release|Any CPU.ActiveCfg = Release|Any CPU
		{F2240E15-66B0-4AEB-8495-C84A1E8BF901}.Release|Any CPU.Build.0 = Release|Any CPU
	EndGlobalSection
	GlobalSection(SolutionProperties) = preSolution
		HideSolutionNode = FALSE
	EndGlobalSection
	GlobalSection(ExtensibilityGlobals) = postSolution
		SolutionGuid = {9C5F717D-80CF-45EE-8B95-89CB9E84362D}
	EndGlobalSection
EndGlobal
